
Microsoft Visual Studio Solution File, Format Version 12.00
# Visual Studio Version 17
VisualStudioVersion = 17.13.35931.197 d17.13
MinimumVisualStudioVersion = 10.0.40219.1
Project("{FAE04EC0-301F-11D3-BF4B-00C04F79EFBC}") = "BibliotecaAPI", "BibliotecaAPI\BibliotecaAPI.csproj", "{70D02E15-345C-4992-A3DB-91DC3C576A26}"
EndProject
Global
	GlobalSection(SolutionConfigurationPlatforms) = preSolution
		Debug|Any CPU = Debug|Any CPU
		Release|Any CPU = Release|Any CPU
	EndGlobalSection
	GlobalSection(ProjectConfigurationPlatforms) = postSolution
		{70D02E15-345C-4992-A3DB-91DC3C576A26}.Debug|Any CPU.ActiveCfg = Debug|Any CPU
		{70D02E15-345C-4992-A3DB-91DC3C576A26}.Debug|Any CPU.Build.0 = Debug|Any CPU
		{70D02E15-345C-4992-A3DB-91DC3C576A26}.Release|Any CPU.ActiveCfg = Release|Any CPU
		{70D02E15-345C-4992-A3DB-91DC3C576A26}.Release|Any CPU.Build.0 = Release|Any CPU
	EndGlobalSection
	GlobalSection(SolutionProperties) = preSolution
		HideSolutionNode = FALSE
	EndGlobalSection
	GlobalSection(ExtensibilityGlobals) = postSolution
		SolutionGuid = {C3CCA834-1FAE-47D6-B570-DFC16BD60FD9}
	EndGlobalSection
EndGlobal
